
Microsoft Visual Studio Solution File, Format Version 12.00
# Visual Studio Version 17
VisualStudioVersion = 17.5.33502.453
MinimumVisualStudioVersion = 10.0.40219.1
Project("{FAE04EC0-301F-11D3-BF4B-00C04F79EFBC}") = "Cansat_HMI", "Cansat_HMI.csproj", "{10313236-F555-48DC-B85D-08F82CD2B647}"
EndProject
Global
	GlobalSection(SolutionConfigurationPlatforms) = preSolution
		Debug|Any CPU = Debug|Any CPU
		Release|Any CPU = Release|Any CPU
	EndGlobalSection
	GlobalSection(ProjectConfigurationPlatforms) = postSolution
		{10313236-F555-48DC-B85D-08F82CD2B647}.Debug|Any CPU.ActiveCfg = Debug|Any CPU
		{10313236-F555-48DC-B85D-08F82CD2B647}.Debug|Any CPU.Build.0 = Debug|Any CPU
		{10313236-F555-48DC-B85D-08F82CD2B647}.Release|Any CPU.ActiveCfg = Release|Any CPU
		{10313236-F555-48DC-B85D-08F82CD2B647}.Release|Any CPU.Build.0 = Release|Any CPU
	EndGlobalSection
	GlobalSection(SolutionProperties) = preSolution
		HideSolutionNode = FALSE
	EndGlobalSection
	GlobalSection(ExtensibilityGlobals) = postSolution
		SolutionGuid = {4A1D1B39-84B9-4A11-A671-0072391FF47D}
	EndGlobalSection
EndGlobal
